
Microsoft Visual Studio Solution File, Format Version 12.00
# Visual Studio Version 17
VisualStudioVersion = 17.6.33829.357
MinimumVisualStudioVersion = 10.0.40219.1
Project("{FAE04EC0-301F-11D3-BF4B-00C04F79EFBC}") = "SeleniumTests", "SeleniumTests\SeleniumTests.csproj", "{5E8F603B-A037-4F22-8F59-95395D41887D}"
EndProject
Global
	GlobalSection(SolutionConfigurationPlatforms) = preSolution
		Debug|Any CPU = Debug|Any CPU
		Release|Any CPU = Release|Any CPU
	EndGlobalSection
	GlobalSection(ProjectConfigurationPlatforms) = postSolution
		{5E8F603B-A037-4F22-8F59-95395D41887D}.Debug|Any CPU.ActiveCfg = Debug|Any CPU
		{5E8F603B-A037-4F22-8F59-95395D41887D}.Debug|Any CPU.Build.0 = Debug|Any CPU
		{5E8F603B-A037-4F22-8F59-95395D41887D}.Release|Any CPU.ActiveCfg = Release|Any CPU
		{5E8F603B-A037-4F22-8F59-95395D41887D}.Release|Any CPU.Build.0 = Release|Any CPU
	EndGlobalSection
	GlobalSection(SolutionProperties) = preSolution
		HideSolutionNode = FALSE
	EndGlobalSection
	GlobalSection(ExtensibilityGlobals) = postSolution
		SolutionGuid = {4DC5F6B0-B780-40D2-BF4E-71913893E489}
	EndGlobalSection
EndGlobal
